
Microsoft Visual Studio Solution File, Format Version 10.00
# Visual Studio 2008
Project("{2150E333-8FDC-42A3-9474-1A3956D46DE8}") = "Depend", "Depend", "{F9F88D85-42E5-47D9-83C9-73F7ABC744FD}"
EndProject
Project("{2150E333-8FDC-42A3-9474-1A3956D46DE8}") = "Framework", "Framework", "{64FACEE3-26FF-40CF-8A76-C1D9AA2B5C71}"
EndProject
Project("{2150E333-8FDC-42A3-9474-1A3956D46DE8}") = "Graphic", "Graphic", "{554F91F9-1579-4DAD-8467-753BF6D0BC17}"
EndProject
Project("{2150E333-8FDC-42A3-9474-1A3956D46DE8}") = "Physics", "Physics", "{D4853318-B053-4967-8F08-4577CEDBAB3F}"
EndProject
Project("{2150E333-8FDC-42A3-9474-1A3956D46DE8}") = "Sample", "Sample", "{2F213552-C229-47DE-919A-B6099353CEB5}"
EndProject
Project("{8BC9CEB8-8B4A-11D0-8D11-00A0C91BC942}") = "Common", "Depend\Common\Common.vcproj", "{63AFC6D1-3918-4A74-8268-1821D2222F0B}"
	ProjectSection(ProjectDependencies) = postProject
		{7D7E0752-695C-49E9-B263-B5CB29B42112} = {7D7E0752-695C-49E9-B263-B5CB29B42112}
	EndProjectSection
EndProject
Project("{8BC9CEB8-8B4A-11D0-8D11-00A0C91BC942}") = "Foundation", "Depend\Foundation\LibFoundation_VC80.vcproj", "{7D7E0752-695C-49E9-B263-B5CB29B42112}"
EndProject
Project("{8BC9CEB8-8B4A-11D0-8D11-00A0C91BC942}") = "Main", "Graphic\Main\Main.vcproj", "{56679A32-1C31-4BFB-921F-9E489E426A25}"
	ProjectSection(ProjectDependencies) = postProject
		{7D7E0752-695C-49E9-B263-B5CB29B42112} = {7D7E0752-695C-49E9-B263-B5CB29B42112}
		{63AFC6D1-3918-4A74-8268-1821D2222F0B} = {63AFC6D1-3918-4A74-8268-1821D2222F0B}
		{C406DAEC-0886-4771-8DEA-9D7329B46CC1} = {C406DAEC-0886-4771-8DEA-9D7329B46CC1}
	EndProjectSection
EndProject
Project("{8BC9CEB8-8B4A-11D0-8D11-00A0C91BC942}") = "TinyXML", "Depend\TinyXML\tinyxml_lib.vcproj", "{C406DAEC-0886-4771-8DEA-9D7329B46CC1}"
EndProject
Project("{8BC9CEB8-8B4A-11D0-8D11-00A0C91BC942}") = "D3D9Renderer", "Graphic\Renderer\D3D9Renderer.vcproj", "{DB9FFB05-378D-41F9-8EF3-85CA923F1050}"
	ProjectSection(ProjectDependencies) = postProject
		{56679A32-1C31-4BFB-921F-9E489E426A25} = {56679A32-1C31-4BFB-921F-9E489E426A25}
		{7D7E0752-695C-49E9-B263-B5CB29B42112} = {7D7E0752-695C-49E9-B263-B5CB29B42112}
		{63AFC6D1-3918-4A74-8268-1821D2222F0B} = {63AFC6D1-3918-4A74-8268-1821D2222F0B}
	EndProjectSection
EndProject
Project("{8BC9CEB8-8B4A-11D0-8D11-00A0C91BC942}") = "D3D10Renderer", "Graphic\Renderer\D3D10Renderer.vcproj", "{DD002FF9-C5D3-4994-96FA-7DE44533A047}"
	ProjectSection(ProjectDependencies) = postProject
		{56679A32-1C31-4BFB-921F-9E489E426A25} = {56679A32-1C31-4BFB-921F-9E489E426A25}
		{7D7E0752-695C-49E9-B263-B5CB29B42112} = {7D7E0752-695C-49E9-B263-B5CB29B42112}
		{63AFC6D1-3918-4A74-8268-1821D2222F0B} = {63AFC6D1-3918-4A74-8268-1821D2222F0B}
	EndProjectSection
EndProject
Project("{8BC9CEB8-8B4A-11D0-8D11-00A0C91BC942}") = "DemoFrame", "Framework\DemoFrame\DemoFrame.vcproj", "{EC37CE62-1366-4649-B03F-0373F03F8CDF}"
	ProjectSection(ProjectDependencies) = postProject
		{DB9FFB05-378D-41F9-8EF3-85CA923F1050} = {DB9FFB05-378D-41F9-8EF3-85CA923F1050}
		{56679A32-1C31-4BFB-921F-9E489E426A25} = {56679A32-1C31-4BFB-921F-9E489E426A25}
		{7D7E0752-695C-49E9-B263-B5CB29B42112} = {7D7E0752-695C-49E9-B263-B5CB29B42112}
		{63AFC6D1-3918-4A74-8268-1821D2222F0B} = {63AFC6D1-3918-4A74-8268-1821D2222F0B}
		{C406DAEC-0886-4771-8DEA-9D7329B46CC1} = {C406DAEC-0886-4771-8DEA-9D7329B46CC1}
		{DD002FF9-C5D3-4994-96FA-7DE44533A047} = {DD002FF9-C5D3-4994-96FA-7DE44533A047}
	EndProjectSection
EndProject
Project("{8BC9CEB8-8B4A-11D0-8D11-00A0C91BC942}") = "MonsterRun", "Sample\MonsterRun\MonsterRun.vcproj", "{3EDDC620-D49B-4DEB-A5A9-EC72D16AF1AE}"
	ProjectSection(ProjectDependencies) = postProject
		{56679A32-1C31-4BFB-921F-9E489E426A25} = {56679A32-1C31-4BFB-921F-9E489E426A25}
		{7D7E0752-695C-49E9-B263-B5CB29B42112} = {7D7E0752-695C-49E9-B263-B5CB29B42112}
		{EC37CE62-1366-4649-B03F-0373F03F8CDF} = {EC37CE62-1366-4649-B03F-0373F03F8CDF}
		{63AFC6D1-3918-4A74-8268-1821D2222F0B} = {63AFC6D1-3918-4A74-8268-1821D2222F0B}
		{C406DAEC-0886-4771-8DEA-9D7329B46CC1} = {C406DAEC-0886-4771-8DEA-9D7329B46CC1}
	EndProjectSection
EndProject
Global
	GlobalSection(SolutionConfigurationPlatforms) = preSolution
		Debug10|Win32 = Debug10|Win32
		Debug10|x64 = Debug10|x64
		Debug9|Win32 = Debug9|Win32
		Debug9|x64 = Debug9|x64
		Release10|Win32 = Release10|Win32
		Release10|x64 = Release10|x64
		Release9|Win32 = Release9|Win32
		Release9|x64 = Release9|x64
	EndGlobalSection
	GlobalSection(ProjectConfigurationPlatforms) = postSolution
		{63AFC6D1-3918-4A74-8268-1821D2222F0B}.Debug10|Win32.ActiveCfg = Debug10|Win32
		{63AFC6D1-3918-4A74-8268-1821D2222F0B}.Debug10|Win32.Build.0 = Debug10|Win32
		{63AFC6D1-3918-4A74-8268-1821D2222F0B}.Debug10|x64.ActiveCfg = Debug10|Win32
		{63AFC6D1-3918-4A74-8268-1821D2222F0B}.Debug9|Win32.ActiveCfg = Debug9|Win32
		{63AFC6D1-3918-4A74-8268-1821D2222F0B}.Debug9|Win32.Build.0 = Debug9|Win32
		{63AFC6D1-3918-4A74-8268-1821D2222F0B}.Debug9|x64.ActiveCfg = Debug9|Win32
		{63AFC6D1-3918-4A74-8268-1821D2222F0B}.Release10|Win32.ActiveCfg = Release10|Win32
		{63AFC6D1-3918-4A74-8268-1821D2222F0B}.Release10|Win32.Build.0 = Release10|Win32
		{63AFC6D1-3918-4A74-8268-1821D2222F0B}.Release10|x64.ActiveCfg = Release10|Win32
		{63AFC6D1-3918-4A74-8268-1821D2222F0B}.Release9|Win32.ActiveCfg = Release9|Win32
		{63AFC6D1-3918-4A74-8268-1821D2222F0B}.Release9|Win32.Build.0 = Release9|Win32
		{63AFC6D1-3918-4A74-8268-1821D2222F0B}.Release9|x64.ActiveCfg = Release9|Win32
		{7D7E0752-695C-49E9-B263-B5CB29B42112}.Debug10|Win32.ActiveCfg = Debug10|Win32
		{7D7E0752-695C-49E9-B263-B5CB29B42112}.Debug10|Win32.Build.0 = Debug10|Win32
		{7D7E0752-695C-49E9-B263-B5CB29B42112}.Debug10|x64.ActiveCfg = Debug10|Win32
		{7D7E0752-695C-49E9-B263-B5CB29B42112}.Debug9|Win32.ActiveCfg = Debug9|Win32
		{7D7E0752-695C-49E9-B263-B5CB29B42112}.Debug9|Win32.Build.0 = Debug9|Win32
		{7D7E0752-695C-49E9-B263-B5CB29B42112}.Debug9|x64.ActiveCfg = Debug9|Win32
		{7D7E0752-695C-49E9-B263-B5CB29B42112}.Release10|Win32.ActiveCfg = Release10|Win32
		{7D7E0752-695C-49E9-B263-B5CB29B42112}.Release10|Win32.Build.0 = Release10|Win32
		{7D7E0752-695C-49E9-B263-B5CB29B42112}.Release10|x64.ActiveCfg = Release10|Win32
		{7D7E0752-695C-49E9-B263-B5CB29B42112}.Release9|Win32.ActiveCfg = Release9|Win32
		{7D7E0752-695C-49E9-B263-B5CB29B42112}.Release9|Win32.Build.0 = Release9|Win32
		{7D7E0752-695C-49E9-B263-B5CB29B42112}.Release9|x64.ActiveCfg = Release9|Win32
		{56679A32-1C31-4BFB-921F-9E489E426A25}.Debug10|Win32.ActiveCfg = Debug10|Win32
		{56679A32-1C31-4BFB-921F-9E489E426A25}.Debug10|Win32.Build.0 = Debug10|Win32
		{56679A32-1C31-4BFB-921F-9E489E426A25}.Debug10|x64.ActiveCfg = Debug10|Win32
		{56679A32-1C31-4BFB-921F-9E489E426A25}.Debug9|Win32.ActiveCfg = Debug9|Win32
		{56679A32-1C31-4BFB-921F-9E489E426A25}.Debug9|Win32.Build.0 = Debug9|Win32
		{56679A32-1C31-4BFB-921F-9E489E426A25}.Debug9|x64.ActiveCfg = Debug9|Win32
		{56679A32-1C31-4BFB-921F-9E489E426A25}.Release10|Win32.ActiveCfg = Release10|Win32
		{56679A32-1C31-4BFB-921F-9E489E426A25}.Release10|Win32.Build.0 = Release10|Win32
		{56679A32-1C31-4BFB-921F-9E489E426A25}.Release10|x64.ActiveCfg = Release10|Win32
		{56679A32-1C31-4BFB-921F-9E489E426A25}.Release9|Win32.ActiveCfg = Release9|Win32
		{56679A32-1C31-4BFB-921F-9E489E426A25}.Release9|Win32.Build.0 = Release9|Win32
		{56679A32-1C31-4BFB-921F-9E489E426A25}.Release9|x64.ActiveCfg = Release9|Win32
		{C406DAEC-0886-4771-8DEA-9D7329B46CC1}.Debug10|Win32.ActiveCfg = Debug10|Win32
		{C406DAEC-0886-4771-8DEA-9D7329B46CC1}.Debug10|Win32.Build.0 = Debug10|Win32
		{C406DAEC-0886-4771-8DEA-9D7329B46CC1}.Debug10|x64.ActiveCfg = Debug10|Win32
		{C406DAEC-0886-4771-8DEA-9D7329B46CC1}.Debug9|Win32.ActiveCfg = Debug9|Win32
		{C406DAEC-0886-4771-8DEA-9D7329B46CC1}.Debug9|Win32.Build.0 = Debug9|Win32
		{C406DAEC-0886-4771-8DEA-9D7329B46CC1}.Debug9|x64.ActiveCfg = Debug9|Win32
		{C406DAEC-0886-4771-8DEA-9D7329B46CC1}.Release10|Win32.ActiveCfg = Release10|Win32
		{C406DAEC-0886-4771-8DEA-9D7329B46CC1}.Release10|Win32.Build.0 = Release10|Win32
		{C406DAEC-0886-4771-8DEA-9D7329B46CC1}.Release10|x64.ActiveCfg = Release10|Win32
		{C406DAEC-0886-4771-8DEA-9D7329B46CC1}.Release9|Win32.ActiveCfg = Release9|Win32
		{C406DAEC-0886-4771-8DEA-9D7329B46CC1}.Release9|Win32.Build.0 = Release9|Win32
		{C406DAEC-0886-4771-8DEA-9D7329B46CC1}.Release9|x64.ActiveCfg = Release9|Win32
		{DB9FFB05-378D-41F9-8EF3-85CA923F1050}.Debug10|Win32.ActiveCfg = Debug10|Win32
		{DB9FFB05-378D-41F9-8EF3-85CA923F1050}.Debug10|Win32.Build.0 = Debug10|Win32
		{DB9FFB05-378D-41F9-8EF3-85CA923F1050}.Debug10|x64.ActiveCfg = Debug10|Win32
		{DB9FFB05-378D-41F9-8EF3-85CA923F1050}.Debug9|Win32.ActiveCfg = Debug9|Win32
		{DB9FFB05-378D-41F9-8EF3-85CA923F1050}.Debug9|Win32.Build.0 = Debug9|Win32
		{DB9FFB05-378D-41F9-8EF3-85CA923F1050}.Debug9|x64.ActiveCfg = Debug9|Win32
		{DB9FFB05-378D-41F9-8EF3-85CA923F1050}.Release10|Win32.ActiveCfg = Release10|Win32
		{DB9FFB05-378D-41F9-8EF3-85CA923F1050}.Release10|Win32.Build.0 = Release10|Win32
		{DB9FFB05-378D-41F9-8EF3-85CA923F1050}.Release10|x64.ActiveCfg = Release10|Win32
		{DB9FFB05-378D-41F9-8EF3-85CA923F1050}.Release9|Win32.ActiveCfg = Release9|Win32
		{DB9FFB05-378D-41F9-8EF3-85CA923F1050}.Release9|Win32.Build.0 = Release9|Win32
		{DB9FFB05-378D-41F9-8EF3-85CA923F1050}.Release9|x64.ActiveCfg = Release9|Win32
		{DD002FF9-C5D3-4994-96FA-7DE44533A047}.Debug10|Win32.ActiveCfg = Debug10|Win32
		{DD002FF9-C5D3-4994-96FA-7DE44533A047}.Debug10|Win32.Build.0 = Debug10|Win32
		{DD002FF9-C5D3-4994-96FA-7DE44533A047}.Debug10|x64.ActiveCfg = Debug10|Win32
		{DD002FF9-C5D3-4994-96FA-7DE44533A047}.Debug9|Win32.ActiveCfg = Debug9|Win32
		{DD002FF9-C5D3-4994-96FA-7DE44533A047}.Debug9|Win32.Build.0 = Debug9|Win32
		{DD002FF9-C5D3-4994-96FA-7DE44533A047}.Debug9|x64.ActiveCfg = Debug9|Win32
		{DD002FF9-C5D3-4994-96FA-7DE44533A047}.Release10|Win32.ActiveCfg = Release10|Win32
		{DD002FF9-C5D3-4994-96FA-7DE44533A047}.Release10|Win32.Build.0 = Release10|Win32
		{DD002FF9-C5D3-4994-96FA-7DE44533A047}.Release10|x64.ActiveCfg = Release10|Win32
		{DD002FF9-C5D3-4994-96FA-7DE44533A047}.Release9|Win32.ActiveCfg = Release9|Win32
		{DD002FF9-C5D3-4994-96FA-7DE44533A047}.Release9|Win32.Build.0 = Release9|Win32
		{DD002FF9-C5D3-4994-96FA-7DE44533A047}.Release9|x64.ActiveCfg = Release9|Win32
		{EC37CE62-1366-4649-B03F-0373F03F8CDF}.Debug10|Win32.ActiveCfg = Debug10|Win32
		{EC37CE62-1366-4649-B03F-0373F03F8CDF}.Debug10|Win32.Build.0 = Debug10|Win32
		{EC37CE62-1366-4649-B03F-0373F03F8CDF}.Debug10|x64.ActiveCfg = Debug10|Win32
		{EC37CE62-1366-4649-B03F-0373F03F8CDF}.Debug9|Win32.ActiveCfg = Debug9|Win32
		{EC37CE62-1366-4649-B03F-0373F03F8CDF}.Debug9|Win32.Build.0 = Debug9|Win32
		{EC37CE62-1366-4649-B03F-0373F03F8CDF}.Debug9|x64.ActiveCfg = Debug9|Win32
		{EC37CE62-1366-4649-B03F-0373F03F8CDF}.Release10|Win32.ActiveCfg = Release10|Win32
		{EC37CE62-1366-4649-B03F-0373F03F8CDF}.Release10|Win32.Build.0 = Release10|Win32
		{EC37CE62-1366-4649-B03F-0373F03F8CDF}.Release10|x64.ActiveCfg = Release10|Win32
		{EC37CE62-1366-4649-B03F-0373F03F8CDF}.Release9|Win32.ActiveCfg = Release9|Win32
		{EC37CE62-1366-4649-B03F-0373F03F8CDF}.Release9|Win32.Build.0 = Release9|Win32
		{EC37CE62-1366-4649-B03F-0373F03F8CDF}.Release9|x64.ActiveCfg = Release9|Win32
		{3EDDC620-D49B-4DEB-A5A9-EC72D16AF1AE}.Debug10|Win32.ActiveCfg = Debug10|Win32
		{3EDDC620-D49B-4DEB-A5A9-EC72D16AF1AE}.Debug10|Win32.Build.0 = Debug10|Win32
		{3EDDC620-D49B-4DEB-A5A9-EC72D16AF1AE}.Debug10|x64.ActiveCfg = Debug10|Win32
		{3EDDC620-D49B-4DEB-A5A9-EC72D16AF1AE}.Debug9|Win32.ActiveCfg = Debug9|Win32
		{3EDDC620-D49B-4DEB-A5A9-EC72D16AF1AE}.Debug9|Win32.Build.0 = Debug9|Win32
		{3EDDC620-D49B-4DEB-A5A9-EC72D16AF1AE}.Debug9|x64.ActiveCfg = Debug9|Win32
		{3EDDC620-D49B-4DEB-A5A9-EC72D16AF1AE}.Release10|Win32.ActiveCfg = Release10|Win32
		{3EDDC620-D49B-4DEB-A5A9-EC72D16AF1AE}.Release10|Win32.Build.0 = Release10|Win32
		{3EDDC620-D49B-4DEB-A5A9-EC72D16AF1AE}.Release10|x64.ActiveCfg = Release10|Win32
		{3EDDC620-D49B-4DEB-A5A9-EC72D16AF1AE}.Release9|Win32.ActiveCfg = Release9|Win32
		{3EDDC620-D49B-4DEB-A5A9-EC72D16AF1AE}.Release9|Win32.Build.0 = Release9|Win32
		{3EDDC620-D49B-4DEB-A5A9-EC72D16AF1AE}.Release9|x64.ActiveCfg = Release9|Win32
	EndGlobalSection
	GlobalSection(SolutionProperties) = preSolution
		HideSolutionNode = FALSE
	EndGlobalSection
	GlobalSection(NestedProjects) = preSolution
		{63AFC6D1-3918-4A74-8268-1821D2222F0B} = {F9F88D85-42E5-47D9-83C9-73F7ABC744FD}
		{7D7E0752-695C-49E9-B263-B5CB29B42112} = {F9F88D85-42E5-47D9-83C9-73F7ABC744FD}
		{C406DAEC-0886-4771-8DEA-9D7329B46CC1} = {F9F88D85-42E5-47D9-83C9-73F7ABC744FD}
		{EC37CE62-1366-4649-B03F-0373F03F8CDF} = {64FACEE3-26FF-40CF-8A76-C1D9AA2B5C71}
		{56679A32-1C31-4BFB-921F-9E489E426A25} = {554F91F9-1579-4DAD-8467-753BF6D0BC17}
		{DB9FFB05-378D-41F9-8EF3-85CA923F1050} = {554F91F9-1579-4DAD-8467-753BF6D0BC17}
		{DD002FF9-C5D3-4994-96FA-7DE44533A047} = {554F91F9-1579-4DAD-8467-753BF6D0BC17}
		{3EDDC620-D49B-4DEB-A5A9-EC72D16AF1AE} = {2F213552-C229-47DE-919A-B6099353CEB5}
	EndGlobalSection
EndGlobal
